
Microsoft Visual Studio Solution File, Format Version 12.00
# Visual Studio Version 17
VisualStudioVersion = 17.10.35013.160
MinimumVisualStudioVersion = 10.0.40219.1
Project("{54A90642-561A-4BB1-A94E-469ADEE60C69}") = "RaySchedulerWeb", "RaySchedulerWeb.esproj", "{73145D0D-2310-43C1-930E-820B06194C7D}"
EndProject
Global
	GlobalSection(SolutionConfigurationPlatforms) = preSolution
		Debug|Any CPU = Debug|Any CPU
		Release|Any CPU = Release|Any CPU
	EndGlobalSection
	GlobalSection(ProjectConfigurationPlatforms) = postSolution
		{73145D0D-2310-43C1-930E-820B06194C7D}.Debug|Any CPU.ActiveCfg = Debug|Any CPU
		{73145D0D-2310-43C1-930E-820B06194C7D}.Debug|Any CPU.Build.0 = Debug|Any CPU
		{73145D0D-2310-43C1-930E-820B06194C7D}.Debug|Any CPU.Deploy.0 = Debug|Any CPU
		{73145D0D-2310-43C1-930E-820B06194C7D}.Release|Any CPU.ActiveCfg = Release|Any CPU
		{73145D0D-2310-43C1-930E-820B06194C7D}.Release|Any CPU.Build.0 = Release|Any CPU
		{73145D0D-2310-43C1-930E-820B06194C7D}.Release|Any CPU.Deploy.0 = Release|Any CPU
	EndGlobalSection
	GlobalSection(SolutionProperties) = preSolution
		HideSolutionNode = FALSE
	EndGlobalSection
	GlobalSection(ExtensibilityGlobals) = postSolution
		SolutionGuid = {62796083-9A90-4F3D-96CC-8FA943442275}
	EndGlobalSection
EndGlobal
